
Microsoft Visual Studio Solution File, Format Version 12.00
# Visual Studio Version 17
VisualStudioVersion = 17.13.35806.99
MinimumVisualStudioVersion = 10.0.40219.1
Project("{8BC9CEB8-8B4A-11D0-8D11-00A0C91BC942}") = "task_1", "task_1\task_1.vcxproj", "{C077EED6-F2E9-47C0-984E-388A60547CF6}"
EndProject
Project("{8BC9CEB8-8B4A-11D0-8D11-00A0C91BC942}") = "task_2", "task_2\task_2.vcxproj", "{C34FE734-9559-4C67-98BC-7DF6660FB8F7}"
EndProject
Global
	GlobalSection(SolutionConfigurationPlatforms) = preSolution
		Debug|x64 = Debug|x64
		Debug|x86 = Debug|x86
		Release|x64 = Release|x64
		Release|x86 = Release|x86
	EndGlobalSection
	GlobalSection(ProjectConfigurationPlatforms) = postSolution
		{C077EED6-F2E9-47C0-984E-388A60547CF6}.Debug|x64.ActiveCfg = Debug|x64
		{C077EED6-F2E9-47C0-984E-388A60547CF6}.Debug|x64.Build.0 = Debug|x64
		{C077EED6-F2E9-47C0-984E-388A60547CF6}.Debug|x86.ActiveCfg = Debug|Win32
		{C077EED6-F2E9-47C0-984E-388A60547CF6}.Debug|x86.Build.0 = Debug|Win32
		{C077EED6-F2E9-47C0-984E-388A60547CF6}.Release|x64.ActiveCfg = Release|x64
		{C077EED6-F2E9-47C0-984E-388A60547CF6}.Release|x64.Build.0 = Release|x64
		{C077EED6-F2E9-47C0-984E-388A60547CF6}.Release|x86.ActiveCfg = Release|Win32
		{C077EED6-F2E9-47C0-984E-388A60547CF6}.Release|x86.Build.0 = Release|Win32
		{C34FE734-9559-4C67-98BC-7DF6660FB8F7}.Debug|x64.ActiveCfg = Debug|x64
		{C34FE734-9559-4C67-98BC-7DF6660FB8F7}.Debug|x64.Build.0 = Debug|x64
		{C34FE734-9559-4C67-98BC-7DF6660FB8F7}.Debug|x86.ActiveCfg = Debug|Win32
		{C34FE734-9559-4C67-98BC-7DF6660FB8F7}.Debug|x86.Build.0 = Debug|Win32
		{C34FE734-9559-4C67-98BC-7DF6660FB8F7}.Release|x64.ActiveCfg = Release|x64
		{C34FE734-9559-4C67-98BC-7DF6660FB8F7}.Release|x64.Build.0 = Release|x64
		{C34FE734-9559-4C67-98BC-7DF6660FB8F7}.Release|x86.ActiveCfg = Release|Win32
		{C34FE734-9559-4C67-98BC-7DF6660FB8F7}.Release|x86.Build.0 = Release|Win32
	EndGlobalSection
	GlobalSection(SolutionProperties) = preSolution
		HideSolutionNode = FALSE
	EndGlobalSection
	GlobalSection(ExtensibilityGlobals) = postSolution
		SolutionGuid = {AF82FF4C-3A33-40EC-A976-27137FCB9E68}
	EndGlobalSection
EndGlobal
