
Microsoft Visual Studio Solution File, Format Version 12.00
# Visual Studio Version 17
VisualStudioVersion = 17.13.35806.99
MinimumVisualStudioVersion = 10.0.40219.1
Project("{8BC9CEB8-8B4A-11D0-8D11-00A0C91BC942}") = "task_1", "task_1\task_1.vcxproj", "{365DABFC-7EB2-4818-BEE8-304B1C5A1B64}"
EndProject
Project("{8BC9CEB8-8B4A-11D0-8D11-00A0C91BC942}") = "task_2", "task_2\task_2.vcxproj", "{8C46F29C-EB96-4D6A-828F-11671969B638}"
EndProject
Global
	GlobalSection(SolutionConfigurationPlatforms) = preSolution
		Debug|x64 = Debug|x64
		Debug|x86 = Debug|x86
		Release|x64 = Release|x64
		Release|x86 = Release|x86
	EndGlobalSection
	GlobalSection(ProjectConfigurationPlatforms) = postSolution
		{365DABFC-7EB2-4818-BEE8-304B1C5A1B64}.Debug|x64.ActiveCfg = Debug|x64
		{365DABFC-7EB2-4818-BEE8-304B1C5A1B64}.Debug|x64.Build.0 = Debug|x64
		{365DABFC-7EB2-4818-BEE8-304B1C5A1B64}.Debug|x86.ActiveCfg = Debug|Win32
		{365DABFC-7EB2-4818-BEE8-304B1C5A1B64}.Debug|x86.Build.0 = Debug|Win32
		{365DABFC-7EB2-4818-BEE8-304B1C5A1B64}.Release|x64.ActiveCfg = Release|x64
		{365DABFC-7EB2-4818-BEE8-304B1C5A1B64}.Release|x64.Build.0 = Release|x64
		{365DABFC-7EB2-4818-BEE8-304B1C5A1B64}.Release|x86.ActiveCfg = Release|Win32
		{365DABFC-7EB2-4818-BEE8-304B1C5A1B64}.Release|x86.Build.0 = Release|Win32
		{8C46F29C-EB96-4D6A-828F-11671969B638}.Debug|x64.ActiveCfg = Debug|x64
		{8C46F29C-EB96-4D6A-828F-11671969B638}.Debug|x64.Build.0 = Debug|x64
		{8C46F29C-EB96-4D6A-828F-11671969B638}.Debug|x86.ActiveCfg = Debug|Win32
		{8C46F29C-EB96-4D6A-828F-11671969B638}.Debug|x86.Build.0 = Debug|Win32
		{8C46F29C-EB96-4D6A-828F-11671969B638}.Release|x64.ActiveCfg = Release|x64
		{8C46F29C-EB96-4D6A-828F-11671969B638}.Release|x64.Build.0 = Release|x64
		{8C46F29C-EB96-4D6A-828F-11671969B638}.Release|x86.ActiveCfg = Release|Win32
		{8C46F29C-EB96-4D6A-828F-11671969B638}.Release|x86.Build.0 = Release|Win32
	EndGlobalSection
	GlobalSection(SolutionProperties) = preSolution
		HideSolutionNode = FALSE
	EndGlobalSection
	GlobalSection(ExtensibilityGlobals) = postSolution
		SolutionGuid = {C18D2DE5-3C46-4D47-89C0-58A62900C1BA}
	EndGlobalSection
EndGlobal
